
Microsoft Visual Studio Solution File, Format Version 12.00
# Visual Studio Version 16
VisualStudioVersion = 16.0.31605.320
MinimumVisualStudioVersion = 10.0.40219.1
Project("{FAE04EC0-301F-11D3-BF4B-00C04F79EFBC}") = "Ecommerce", "Ecommerce.csproj", "{769DC215-6056-4B71-B150-D7710DD2252E}"
EndProject
Project("{FAE04EC0-301F-11D3-BF4B-00C04F79EFBC}") = "Ecommerce.BLL", "..\Ecommerce.BLL\Ecommerce.BLL.csproj", "{3CCA9F3B-404D-41E9-B949-6B60C66FDF15}"
EndProject
Project("{FAE04EC0-301F-11D3-BF4B-00C04F79EFBC}") = "Ecommerce.DAL", "..\Ecommerce.DAL\Ecommerce.DAL.csproj", "{EB4397E1-75F3-40F9-8E81-5256D45A1654}"
EndProject
Global
	GlobalSection(SolutionConfigurationPlatforms) = preSolution
		Debug|Any CPU = Debug|Any CPU
		Release|Any CPU = Release|Any CPU
	EndGlobalSection
	GlobalSection(ProjectConfigurationPlatforms) = postSolution
		{769DC215-6056-4B71-B150-D7710DD2252E}.Debug|Any CPU.ActiveCfg = Debug|Any CPU
		{769DC215-6056-4B71-B150-D7710DD2252E}.Debug|Any CPU.Build.0 = Debug|Any CPU
		{769DC215-6056-4B71-B150-D7710DD2252E}.Release|Any CPU.ActiveCfg = Release|Any CPU
		{769DC215-6056-4B71-B150-D7710DD2252E}.Release|Any CPU.Build.0 = Release|Any CPU
		{3CCA9F3B-404D-41E9-B949-6B60C66FDF15}.Debug|Any CPU.ActiveCfg = Debug|Any CPU
		{3CCA9F3B-404D-41E9-B949-6B60C66FDF15}.Debug|Any CPU.Build.0 = Debug|Any CPU
		{3CCA9F3B-404D-41E9-B949-6B60C66FDF15}.Release|Any CPU.ActiveCfg = Release|Any CPU
		{3CCA9F3B-404D-41E9-B949-6B60C66FDF15}.Release|Any CPU.Build.0 = Release|Any CPU
		{EB4397E1-75F3-40F9-8E81-5256D45A1654}.Debug|Any CPU.ActiveCfg = Debug|Any CPU
		{EB4397E1-75F3-40F9-8E81-5256D45A1654}.Debug|Any CPU.Build.0 = Debug|Any CPU
		{EB4397E1-75F3-40F9-8E81-5256D45A1654}.Release|Any CPU.ActiveCfg = Release|Any CPU
		{EB4397E1-75F3-40F9-8E81-5256D45A1654}.Release|Any CPU.Build.0 = Release|Any CPU
	EndGlobalSection
	GlobalSection(SolutionProperties) = preSolution
		HideSolutionNode = FALSE
	EndGlobalSection
	GlobalSection(ExtensibilityGlobals) = postSolution
		SolutionGuid = {4DA1454C-E432-4362-89F5-97B11C0D2C33}
	EndGlobalSection
EndGlobal
